
Microsoft Visual Studio Solution File, Format Version 11.00
# Visual Studio 2010
Project("{159641D6-6404-4A2A-AE62-294DE0FE8301}") = "TP1SSIS_3alinfo1", "TP1SSIS_3alinfo1\TP1SSIS_3alinfo1.dtproj", "{68DAA50D-CF73-455E-890E-68F6DF571A8E}"
EndProject
Global
	GlobalSection(SolutionConfigurationPlatforms) = preSolution
		Development|Default = Development|Default
	EndGlobalSection
	GlobalSection(ProjectConfigurationPlatforms) = postSolution
		{68DAA50D-CF73-455E-890E-68F6DF571A8E}.Development|Default.ActiveCfg = Development
		{68DAA50D-CF73-455E-890E-68F6DF571A8E}.Development|Default.Build.0 = Development
	EndGlobalSection
	GlobalSection(SolutionProperties) = preSolution
		HideSolutionNode = FALSE
	EndGlobalSection
EndGlobal
